// !$*UTF8*$!
{
	archiveVersion = 1;
	classes = {
	};
	objectVersion = 46;
	objects = {

/* Begin PBXBuildFile section */
		F166168F1B6B1F94009BA114 /* main.m in Sources */ = {isa = PBXBuildFile; fileRef = F166168E1B6B1F94009BA114 /* main.m */; };
		F16616921B6B1F94009BA114 /* AppDelegate.m in Sources */ = {isa = PBXBuildFile; fileRef = F16616911B6B1F94009BA114 /* AppDelegate.m */; };
		F16616951B6B1F94009BA114 /* ViewController.m in Sources */ = {isa = PBXBuildFile; fileRef = F16616941B6B1F94009BA114 /* ViewController.m */; };
		F16616981B6B1F94009BA114 /* Main.storyboard in Resources */ = {isa = PBXBuildFile; fileRef = F16616961B6B1F94009BA114 /* Main.storyboard */; };
		F166169A1B6B1F94009BA114 /* Images.xcassets in Resources */ = {isa = PBXBuildFile; fileRef = F16616991B6B1F94009BA114 /* Images.xcassets */; };
		F166169D1B6B1F94009BA114 /* LaunchScreen.xib in Resources */ = {isa = PBXBuildFile; fileRef = F166169B1B6B1F94009BA114 /* LaunchScreen.xib */; };
		F16616A91B6B1F94009BA114 /* demoTests.m in Sources */ = {isa = PBXBuildFile; fileRef = F16616A81B6B1F94009BA114 /* demoTests.m */; };
		F16616B41B6B29D8009BA114 /* drawView.m in Sources */ = {isa = PBXBuildFile; fileRef = F16616B31B6B29D8009BA114 /* drawView.m */; };
/* End PBXBuildFile section */

/* Begin PBXContainerItemProxy section */
		F16616A31B6B1F94009BA114 /* PBXContainerItemProxy */ = {
			isa = PBXContainerItemProxy;
			containerPortal = F16616811B6B1F94009BA114 /* Project object */;
			proxyType = 1;
			remoteGlobalIDString = F16616881B6B1F94009BA114;
			remoteInfo = demo;
		};
/* End PBXContainerItemProxy section */

/* Begin PBXFileReference section */
		F16616891B6B1F94009BA114 /* demo.app */ = {isa = PBXFileReference; explicitFileType = wrapper.application; includeInIndex = 0; path = demo.app; sourceTree = BUILT_PRODUCTS_DIR; };
		F166168D1B6B1F94009BA114 /* Info.plist */ = {isa = PBXFileReference; lastKnownFileType = text.plist.xml; path = Info.plist; sourceTree = "<group>"; };
		F166168E1B6B1F94009BA114 /* main.m */ = {isa = PBXFileReference; lastKnownFileType = sourcecode.c.objc; path = main.m; sourceTree = "<group>"; };
		F16616901B6B1F94009BA114 /* AppDelegate.h */ = {isa = PBXFileReference; lastKnownFileType = sourcecode.c.h; path = AppDelegate.h; sourceTree = "<group>"; };
		F16616911B6B1F94009BA114 /* AppDelegate.m */ = {isa = PBXFileReference; lastKnownFileType = sourcecode.c.objc; path = AppDelegate.m; sourceTree = "<group>"; };
		F16616931B6B1F94009BA114 /* ViewController.h */ = {isa = PBXFileReference; lastKnownFileType = sourcecode.c.h; path = ViewController.h; sourceTree = "<group>"; };
		F16616941B6B1F94009BA114 /* ViewController.m */ = {isa = PBXFileReference; lastKnownFileType = sourcecode.c.objc; path = ViewController.m; sourceTree = "<group>"; };
		F16616971B6B1F94009BA114 /* Base */ = {isa = PBXFileReference; lastKnownFileType = file.storyboard; name = Base; path = Base.lproj/Main.storyboard; sourceTree = "<group>"; };
		F16616991B6B1F94009BA114 /* Images.xcassets */ = {isa = PBXFileReference; lastKnownFileType = folder.assetcatalog; path = Images.xcassets; sourceTree = "<group>"; };
		F166169C1B6B1F94009BA114 /* Base */ = {isa = PBXFileReference; lastKnownFileType = file.xib; name = Base; path = Base.lproj/LaunchScreen.xib; sourceTree = "<group>"; };
		F16616A21B6B1F94009BA114 /* demoTests.xctest */ = {isa = PBXFileReference; explicitFileType = wrapper.cfbundle; includeInIndex = 0; path = demoTests.xctest; sourceTree = BUILT_PRODUCTS_DIR; };
		F16616A71B6B1F94009BA114 /* Info.plist */ = {isa = PBXFileReference; lastKnownFileType = text.plist.xml; path = Info.plist; sourceTree = "<group>"; };
		F16616A81B6B1F94009BA114 /* demoTests.m */ = {isa = PBXFileReference; lastKnownFileType = sourcecode.c.objc; path = demoTests.m; sourceTree = "<group>"; };
		F16616B21B6B29D8009BA114 /* drawView.h */ = {isa = PBXFileReference; fileEncoding = 4; lastKnownFileType = sourcecode.c.h; path = drawView.h; sourceTree = "<group>"; };
		F16616B31B6B29D8009BA114 /* drawView.m */ = {isa = PBXFileReference; fileEncoding = 4; lastKnownFileType = sourcecode.c.objc; path = drawView.m; sourceTree = "<group>"; };
/* End PBXFileReference section */

/* Begin PBXFrameworksBuildPhase section */
		F16616861B6B1F94009BA114 /* Frameworks */ = {
			isa = PBXFrameworksBuildPhase;
			buildActionMask = 2147483647;
			files = (
			);
			runOnlyForDeploymentPostprocessing = 0;
		};
		F166169F1B6B1F94009BA114 /* Frameworks */ = {
			isa = PBXFrameworksBuildPhase;
			buildActionMask = 2147483647;
			files = (
			);
			runOnlyForDeploymentPostprocessing = 0;
		};
/* End PBXFrameworksBuildPhase section */

/* Begin PBXGroup section */
		F16616801B6B1F94009BA114 = {
			isa = PBXGroup;
			children = (
				F166168B1B6B1F94009BA114 /* demo */,
				F16616A51B6B1F94009BA114 /* demoTests */,
				F166168A1B6B1F94009BA114 /* Products */,
			);
			sourceTree = "<group>";
		};
		F166168A1B6B1F94009BA114 /* Products */ = {
			isa = PBXGroup;
			children = (
				F16616891B6B1F94009BA114 /* demo.app */,
				F16616A21B6B1F94009BA114 /* demoTests.xctest */,
			);
			name = Products;
			sourceTree = "<group>";
		};
		F166168B1B6B1F94009BA114 /* demo */ = {
			isa = PBXGroup;
			children = (
				F16616901B6B1F94009BA114 /* AppDelegate.h */,
				F16616911B6B1F94009BA114 /* AppDelegate.m */,
				F16616931B6B1F94009BA114 /* ViewController.h */,
				F16616941B6B1F94009BA114 /* ViewController.m */,
				F16616B21B6B29D8009BA114 /* drawView.h */,
				F16616B31B6B29D8009BA114 /* drawView.m */,
				F16616961B6B1F94009BA114 /* Main.storyboard */,
				F16616991B6B1F94009BA114 /* Images.xcassets */,
				F166169B1B6B1F94009BA114 /* LaunchScreen.xib */,
				F166168C1B6B1F94009BA114 /* Supporting Files */,
			);
			path = demo;
			sourceTree = "<group>";
		};
		F166168C1B6B1F94009BA114 /* Supporting Files */ = {
			isa = PBXGroup;
			children = (
				F166168D1B6B1F94009BA114 /* Info.plist */,
				F166168E1B6B1F94009BA114 /* main.m */,
			);
			name = "Supporting Files";
			sourceTree = "<group>";
		};
		F16616A51B6B1F94009BA114 /* demoTests */ = {
			isa = PBXGroup;
			children = (
				F16616A81B6B1F94009BA114 /* demoTests.m */,
				F16616A61B6B1F94009BA114 /* Supporting Files */,
			);
			path = demoTests;
			sourceTree = "<group>";
		};
		F16616A61B6B1F94009BA114 /* Supporting Files */ = {
			isa = PBXGroup;
			children = (
				F16616A71B6B1F94009BA114 /* Info.plist */,
			);
			name = "Supporting Files";
			sourceTree = "<group>";
		};
/* End PBXGroup section */

/* Begin PBXNativeTarget section */
		F16616881B6B1F94009BA114 /* demo */ = {
			isa = PBXNativeTarget;
			buildConfigurationList = F16616AC1B6B1F94009BA114 /* Build configuration list for PBXNativeTarget "demo" */;
			buildPhases = (
				F16616851B6B1F94009BA114 /* Sources */,
				F16616861B6B1F94009BA114 /* Frameworks */,
				F16616871B6B1F94009BA114 /* Resources */,
			);
			buildRules = (
			);
			dependencies = (
			);
			name = demo;
			productName = demo;
			productReference = F16616891B6B1F94009BA114 /* demo.app */;
			productType = "com.apple.product-type.application";
		};
		F16616A11B6B1F94009BA114 /* demoTests */ = {
			isa = PBXNativeTarget;
			buildConfigurationList = F16616AF1B6B1F94009BA114 /* Build configuration list for PBXNativeTarget "demoTests" */;
			buildPhases = (
				F166169E1B6B1F94009BA114 /* Sources */,
				F166169F1B6B1F94009BA114 /* Frameworks */,
				F16616A01B6B1F94009BA114 /* Resources */,
			);
			buildRules = (
			);
			dependencies = (
				F16616A41B6B1F94009BA114 /* PBXTargetDependency */,
			);
			name = demoTests;
			productName = demoTests;
			productReference = F16616A21B6B1F94009BA114 /* demoTests.xctest */;
			productType = "com.apple.product-type.bundle.unit-test";
		};
/* End PBXNativeTarget section */

/* Begin PBXProject section */
		F16616811B6B1F94009BA114 /* Project object */ = {
			isa = PBXProject;
			attributes = {
				LastUpgradeCheck = 0640;
				ORGANIZATIONNAME = devYang;
				TargetAttributes = {
					F16616881B6B1F94009BA114 = {
						CreatedOnToolsVersion = 6.4;
					};
					F16616A11B6B1F94009BA114 = {
						CreatedOnToolsVersion = 6.4;
						TestTargetID = F16616881B6B1F94009BA114;
					};
				};
			};
			buildConfigurationList = F16616841B6B1F94009BA114 /* Build configuration list for PBXProject "demo" */;
			compatibilityVersion = "Xcode 3.2";
			developmentRegion = English;
			hasScannedForEncodings = 0;
			knownRegions = (
				en,
				Base,
			);
			mainGroup = F16616801B6B1F94009BA114;
			productRefGroup = F166168A1B6B1F94009BA114 /* Products */;
			projectDirPath = "";
			projectRoot = "";
			targets = (
				F16616881B6B1F94009BA114 /* demo */,
				F16616A11B6B1F94009BA114 /* demoTests */,
			);
		};
/* End PBXProject section */

/* Begin PBXResourcesBuildPhase section */
		F16616871B6B1F94009BA114 /* Resources */ = {
			isa = PBXResourcesBuildPhase;
			buildActionMask = 2147483647;
			files = (
				F16616981B6B1F94009BA114 /* Main.storyboard in Resources */,
				F166169D1B6B1F94009BA114 /* LaunchScreen.xib in Resources */,
				F166169A1B6B1F94009BA114 /* Images.xcassets in Resources */,
			);
			runOnlyForDeploymentPostprocessing = 0;
		};
		F16616A01B6B1F94009BA114 /* Resources */ = {
			isa = PBXResourcesBuildPhase;
			buildActionMask = 2147483647;
			files = (
			);
			runOnlyForDeploymentPostprocessing = 0;
		};
/* End PBXResourcesBuildPhase section */

/* Begin PBXSourcesBuildPhase section */
		F16616851B6B1F94009BA114 /* Sources */ = {
			isa = PBXSourcesBuildPhase;
			buildActionMask = 2147483647;
			files = (
				F16616951B6B1F94009BA114 /* ViewController.m in Sources */,
				F16616921B6B1F94009BA114 /* AppDelegate.m in Sources */,
				F16616B41B6B29D8009BA114 /* drawView.m in Sources */,
				F166168F1B6B1F94009BA114 /* main.m in Sources */,
			);
			runOnlyForDeploymentPostprocessing = 0;
		};
		F166169E1B6B1F94009BA114 /* Sources */ = {
			isa = PBXSourcesBuildPhase;
			buildActionMask = 2147483647;
			files = (
				F16616A91B6B1F94009BA114 /* demoTests.m in Sources */,
			);
			runOnlyForDeploymentPostprocessing = 0;
		};
/* End PBXSourcesBuildPhase section */

/* Begin PBXTargetDependency section */
		F16616A41B6B1F94009BA114 /* PBXTargetDependency */ = {
			isa = PBXTargetDependency;
			target = F16616881B6B1F94009BA114 /* demo */;
			targetProxy = F16616A31B6B1F94009BA114 /* PBXContainerItemProxy */;
		};
/* End PBXTargetDependency section */

/* Begin PBXVariantGroup section */
		F16616961B6B1F94009BA114 /* Main.storyboard */ = {
			isa = PBXVariantGroup;
			children = (
				F16616971B6B1F94009BA114 /* Base */,
			);
			name = Main.storyboard;
			sourceTree = "<group>";
		};
		F166169B1B6B1F94009BA114 /* LaunchScreen.xib */ = {
			isa = PBXVariantGroup;
			children = (
				F166169C1B6B1F94009BA114 /* Base */,
			);
			name = LaunchScreen.xib;
			sourceTree = "<group>";
		};
/* End PBXVariantGroup section */

/* Begin XCBuildConfiguration section */
		F16616AA1B6B1F94009BA114 /* Debug */ = {
			isa = XCBuildConfiguration;
			buildSettings = {
				ALWAYS_SEARCH_USER_PATHS = NO;
				CLANG_CXX_LANGUAGE_STANDARD = "gnu++0x";
				CLANG_CXX_LIBRARY = "libc++";
				CLANG_ENABLE_MODULES = YES;
				CLANG_ENABLE_OBJC_ARC = YES;
				CLANG_WARN_BOOL_CONVERSION = YES;
				CLANG_WARN_CONSTANT_CONVERSION = YES;
				CLANG_WARN_DIRECT_OBJC_ISA_USAGE = YES_ERROR;
				CLANG_WARN_EMPTY_BODY = YES;
				CLANG_WARN_ENUM_CONVERSION = YES;
				CLANG_WARN_INT_CONVERSION = YES;
				CLANG_WARN_OBJC_ROOT_CLASS = YES_ERROR;
				CLANG_WARN_UNREACHABLE_CODE = YES;
				CLANG_WARN__DUPLICATE_METHOD_MATCH = YES;
				"CODE_SIGN_IDENTITY[sdk=iphoneos*]" = "iPhone Developer";
				COPY_PHASE_STRIP = NO;
				DEBUG_INFORMATION_FORMAT = "dwarf-with-dsym";
				ENABLE_STRICT_OBJC_MSGSEND = YES;
				GCC_C_LANGUAGE_STANDARD = gnu99;
				GCC_DYNAMIC_NO_PIC = NO;
				GCC_NO_COMMON_BLOCKS = YES;
				GCC_OPTIMIZATION_LEVEL = 0;
				GCC_PREPROCESSOR_DEFINITIONS = (
					"DEBUG=1",
					"$(inherited)",
				);
				GCC_SYMBOLS_PRIVATE_EXTERN = NO;
				GCC_WARN_64_TO_32_BIT_CONVERSION = YES;
				GCC_WARN_ABOUT_RETURN_TYPE = YES_ERROR;
				GCC_WARN_UNDECLARED_SELECTOR = YES;
				GCC_WARN_UNINITIALIZED_AUTOS = YES_AGGRESSIVE;
				GCC_WARN_UNUSED_FUNCTION = YES;
				GCC_WARN_UNUSED_VARIABLE = YES;
				IPHONEOS_DEPLOYMENT_TARGET = 8.4;
				MTL_ENABLE_DEBUG_INFO = YES;
				ONLY_ACTIVE_ARCH = YES;
				SDKROOT = iphoneos;
				TARGETED_DEVICE_FAMILY = "1,2";
			};
			name = Debug;
		};
		F16616AB1B6B1F94009BA114 /* Release */ = {
			isa = XCBuildConfiguration;
			buildSettings = {
				ALWAYS_SEARCH_USER_PATHS = NO;
				CLANG_CXX_LANGUAGE_STANDARD = "gnu++0x";
				CLANG_CXX_LIBRARY = "libc++";
				CLANG_ENABLE_MODULES = YES;
				CLANG_ENABLE_OBJC_ARC = YES;
				CLANG_WARN_BOOL_CONVERSION = YES;
				CLANG_WARN_CONSTANT_CONVERSION = YES;
				CLANG_WARN_DIRECT_OBJC_ISA_USAGE = YES_ERROR;
				CLANG_WARN_EMPTY_BODY = YES;
				CLANG_WARN_ENUM_CONVERSION = YES;
				CLANG_WARN_INT_CONVERSION = YES;
				CLANG_WARN_OBJC_ROOT_CLASS = YES_ERROR;
				CLANG_WARN_UNREACHABLE_CODE = YES;
				CLANG_WARN__DUPLICATE_METHOD_MATCH = YES;
				"CODE_SIGN_IDENTITY[sdk=iphoneos*]" = "iPhone Developer";
				COPY_PHASE_STRIP = NO;
				DEBUG_INFORMATION_FORMAT = "dwarf-with-dsym";
				ENABLE_NS_ASSERTIONS = NO;
				ENABLE_STRICT_OBJC_MSGSEND = YES;
				GCC_C_LANGUAGE_STANDARD = gnu99;
				GCC_NO_COMMON_BLOCKS = YES;
				GCC_WARN_64_TO_32_BIT_CONVERSION = YES;
				GCC_WARN_ABOUT_RETURN_TYPE = YES_ERROR;
				GCC_WARN_UNDECLARED_SELECTOR = YES;
				GCC_WARN_UNINITIALIZED_AUTOS = YES_AGGRESSIVE;
				GCC_WARN_UNUSED_FUNCTION = YES;
				GCC_WARN_UNUSED_VARIABLE = YES;
				IPHONEOS_DEPLOYMENT_TARGET = 8.4;
				MTL_ENABLE_DEBUG_INFO = NO;
				SDKROOT = iphoneos;
				TARGETED_DEVICE_FAMILY = "1,2";
				VALIDATE_PRODUCT = YES;
			};
			name = Release;
		};
		F16616AD1B6B1F94009BA114 /* Debug */ = {
			isa = XCBuildConfiguration;
			buildSettings = {
				ASSETCATALOG_COMPILER_APPICON_NAME = AppIcon;
				INFOPLIST_FILE = demo/Info.plist;
				LD_RUNPATH_SEARCH_PATHS = "$(inherited) @executable_path/Frameworks";
				PRODUCT_NAME = "$(TARGET_NAME)";
			};
			name = Debug;
		};
		F16616AE1B6B1F94009BA114 /* Release */ = {
			isa = XCBuildConfiguration;
			buildSettings = {
				ASSETCATALOG_COMPILER_APPICON_NAME = AppIcon;
				INFOPLIST_FILE = demo/Info.plist;
				LD_RUNPATH_SEARCH_PATHS = "$(inherited) @executable_path/Frameworks";
				PRODUCT_NAME = "$(TARGET_NAME)";
			};
			name = Release;
		};
		F16616B01B6B1F94009BA114 /* Debug */ = {
			isa = XCBuildConfiguration;
			buildSettings = {
				BUNDLE_LOADER = "$(TEST_HOST)";
				FRAMEWORK_SEARCH_PATHS = (
					"$(SDKROOT)/Developer/Library/Frameworks",
					"$(inherited)",
				);
				GCC_PREPROCESSOR_DEFINITIONS = (
					"DEBUG=1",
					"$(inherited)",
				);
				INFOPLIST_FILE = demoTests/Info.plist;
				LD_RUNPATH_SEARCH_PATHS = "$(inherited) @executable_path/Frameworks @loader_path/Frameworks";
				PRODUCT_NAME = "$(TARGET_NAME)";
				TEST_HOST = "$(BUILT_PRODUCTS_DIR)/demo.app/demo";
			};
			name = Debug;
		};
		F16616B11B6B1F94009BA114 /* Release */ = {
			isa = XCBuildConfiguration;
			buildSettings = {
				BUNDLE_LOADER = "$(TEST_HOST)";
				FRAMEWORK_SEARCH_PATHS = (
					"$(SDKROOT)/Developer/Library/Frameworks",
					"$(inherited)",
				);
				INFOPLIST_FILE = demoTests/Info.plist;
				LD_RUNPATH_SEARCH_PATHS = "$(inherited) @executable_path/Frameworks @loader_path/Frameworks";
				PRODUCT_NAME = "$(TARGET_NAME)";
				TEST_HOST = "$(BUILT_PRODUCTS_DIR)/demo.app/demo";
			};
			name = Release;
		};
/* End XCBuildConfiguration section */

/* Begin XCConfigurationList section */
		F16616841B6B1F94009BA114 /* Build configuration list for PBXProject "demo" */ = {
			isa = XCConfigurationList;
			buildConfigurations = (
				F16616AA1B6B1F94009BA114 /* Debug */,
				F16616AB1B6B1F94009BA114 /* Release */,
			);
			defaultConfigurationIsVisible = 0;
			defaultConfigurationName = Release;
		};
		F16616AC1B6B1F94009BA114 /* Build configuration list for PBXNativeTarget "demo" */ = {
			isa = XCConfigurationList;
			buildConfigurations = (
				F16616AD1B6B1F94009BA114 /* Debug */,
				F16616AE1B6B1F94009BA114 /* Release */,
			);
			defaultConfigurationIsVisible = 0;
		};
		F16616AF1B6B1F94009BA114 /* Build configuration list for PBXNativeTarget "demoTests" */ = {
			isa = XCConfigurationList;
			buildConfigurations = (
				F16616B01B6B1F94009BA114 /* Debug */,
				F16616B11B6B1F94009BA114 /* Release */,
			);
			defaultConfigurationIsVisible = 0;
		};
/* End XCConfigurationList section */
	};
	rootObject = F16616811B6B1F94009BA114 /* Project object */;
}
